
Microsoft Visual Studio Solution File, Format Version 12.00
# Visual Studio Version 17
VisualStudioVersion = 17.3.32825.248
MinimumVisualStudioVersion = 10.0.40219.1
Project("{9A19103F-16F7-4668-BE54-9A1E7A4F7556}") = "DesafioProjetoHospedagem", "DesafioProjetoHospedagem.csproj", "{EEC393DF-7D19-4D38-9046-E7706665C904}"
EndProject
Global
	GlobalSection(SolutionConfigurationPlatforms) = preSolution
		Debug|Any CPU = Debug|Any CPU
		Release|Any CPU = Release|Any CPU
	EndGlobalSection
	GlobalSection(ProjectConfigurationPlatforms) = postSolution
		{EEC393DF-7D19-4D38-9046-E7706665C904}.Debug|Any CPU.ActiveCfg = Debug|Any CPU
		{EEC393DF-7D19-4D38-9046-E7706665C904}.Debug|Any CPU.Build.0 = Debug|Any CPU
		{EEC393DF-7D19-4D38-9046-E7706665C904}.Release|Any CPU.ActiveCfg = Release|Any CPU
		{EEC393DF-7D19-4D38-9046-E7706665C904}.Release|Any CPU.Build.0 = Release|Any CPU
	EndGlobalSection
	GlobalSection(SolutionProperties) = preSolution
		HideSolutionNode = FALSE
	EndGlobalSection
	GlobalSection(ExtensibilityGlobals) = postSolution
		SolutionGuid = {8B267BE7-892E-415A-A647-FAC7273AB3A2}
	EndGlobalSection
EndGlobal
